
Microsoft Visual Studio Solution File, Format Version 12.00
# Visual Studio Version 17
VisualStudioVersion = 17.3.32804.467
MinimumVisualStudioVersion = 10.0.40219.1
Project("{FAE04EC0-301F-11D3-BF4B-00C04F79EFBC}") = "bai2QlBook", "bai2QlBook\bai2QlBook.csproj", "{1AD84F31-3441-4605-8C44-1520206A22E5}"
EndProject
Global
	GlobalSection(SolutionConfigurationPlatforms) = preSolution
		Debug|Any CPU = Debug|Any CPU
		Release|Any CPU = Release|Any CPU
	EndGlobalSection
	GlobalSection(ProjectConfigurationPlatforms) = postSolution
		{1AD84F31-3441-4605-8C44-1520206A22E5}.Debug|Any CPU.ActiveCfg = Debug|Any CPU
		{1AD84F31-3441-4605-8C44-1520206A22E5}.Debug|Any CPU.Build.0 = Debug|Any CPU
		{1AD84F31-3441-4605-8C44-1520206A22E5}.Release|Any CPU.ActiveCfg = Release|Any CPU
		{1AD84F31-3441-4605-8C44-1520206A22E5}.Release|Any CPU.Build.0 = Release|Any CPU
	EndGlobalSection
	GlobalSection(SolutionProperties) = preSolution
		HideSolutionNode = FALSE
	EndGlobalSection
	GlobalSection(ExtensibilityGlobals) = postSolution
		SolutionGuid = {01B997E6-2B47-4FE9-8BCA-FA0181FED34C}
	EndGlobalSection
EndGlobal
