
Microsoft Visual Studio Solution File, Format Version 12.00
# Visual Studio Version 17
VisualStudioVersion = 17.3.32804.467
MinimumVisualStudioVersion = 10.0.40219.1
Project("{FAE04EC0-301F-11D3-BF4B-00C04F79EFBC}") = "Phan4_Bai1", "Phan4_Bai1\Phan4_Bai1.csproj", "{B0D733BC-E416-46E8-9532-F04D0E3C41D1}"
EndProject
Global
	GlobalSection(SolutionConfigurationPlatforms) = preSolution
		Debug|Any CPU = Debug|Any CPU
		Release|Any CPU = Release|Any CPU
	EndGlobalSection
	GlobalSection(ProjectConfigurationPlatforms) = postSolution
		{B0D733BC-E416-46E8-9532-F04D0E3C41D1}.Debug|Any CPU.ActiveCfg = Debug|Any CPU
		{B0D733BC-E416-46E8-9532-F04D0E3C41D1}.Debug|Any CPU.Build.0 = Debug|Any CPU
		{B0D733BC-E416-46E8-9532-F04D0E3C41D1}.Release|Any CPU.ActiveCfg = Release|Any CPU
		{B0D733BC-E416-46E8-9532-F04D0E3C41D1}.Release|Any CPU.Build.0 = Release|Any CPU
	EndGlobalSection
	GlobalSection(SolutionProperties) = preSolution
		HideSolutionNode = FALSE
	EndGlobalSection
	GlobalSection(ExtensibilityGlobals) = postSolution
		SolutionGuid = {FA1BA40D-30C3-4223-9506-473F3FE96366}
	EndGlobalSection
EndGlobal
